PODS:
  - Cordova (3.6.0)
  - LigerMobile (0.2.1):
    - Cordova (= 3.6.0)
    - UIColor-HTMLColors (= 1.0.0)
  - OCMock (3.0.2)
  - UIColor-HTMLColors (1.0.0)

DEPENDENCIES:
  - LigerMobile (from `./..`)
  - OCMock (= 3.0.2)

EXTERNAL SOURCES:
  LigerMobile:
    :path: ./..

SPEC CHECKSUMS:
  Cordova: ce750bacf069faeedcc24612d82c27bc16c6701b
  LigerMobile: d47657fa516420a667b846ed4d2adaec18b8ddf5
  OCMock: b9836ab89d8d5e66cbe6333f93857037c310ee62
  UIColor-HTMLColors: fbf3e9648f1e699aa4cdb39d0cf348b7ef814be5

COCOAPODS: 0.35.0
