PODS:
  - Cordova (3.4.0):
    - Cordova/Base
  - Cordova/Base (3.4.0)
  - LigerMobile (0.0.9):
    - Cordova (= 3.4.0)
    - UIColor-HTMLColors (= 1.0.0)
  - OCMock (2.2.3)
  - UIColor-HTMLColors (1.0.0)

DEPENDENCIES:
  - LigerMobile (from `./..`)
  - OCMock (= 2.2.3)

EXTERNAL SOURCES:
  LigerMobile:
    :path: ./..

SPEC CHECKSUMS:
  Cordova: a8263c450a587014c3f8f3211bc258e035d88179
  LigerMobile: 36159b1eb0f60565805aa332207d2b75460fc6ae
  OCMock: ea7fe30ee99e4e3186ad47d032a301fa7e8793ec
  UIColor-HTMLColors: da4cd2f18102ace67736392ffd15d8a145e5a31f

COCOAPODS: 0.29.0
